
Microsoft Visual Studio Solution File, Format Version 12.00
# Visual Studio Version 17
VisualStudioVersion = 17.3.32929.385
MinimumVisualStudioVersion = 10.0.40219.1
Project("{FAE04EC0-301F-11D3-BF4B-00C04F79EFBC}") = "RegexValidation2022", "RegexValidation2022\RegexValidation2022.csproj", "{D297389D-EEBA-418A-B163-23AB95304329}"
EndProject
Global
	GlobalSection(SolutionConfigurationPlatforms) = preSolution
		Debug|Any CPU = Debug|Any CPU
		Release|Any CPU = Release|Any CPU
	EndGlobalSection
	GlobalSection(ProjectConfigurationPlatforms) = postSolution
		{D297389D-EEBA-418A-B163-23AB95304329}.Debug|Any CPU.ActiveCfg = Debug|Any CPU
		{D297389D-EEBA-418A-B163-23AB95304329}.Debug|Any CPU.Build.0 = Debug|Any CPU
		{D297389D-EEBA-418A-B163-23AB95304329}.Release|Any CPU.ActiveCfg = Release|Any CPU
		{D297389D-EEBA-418A-B163-23AB95304329}.Release|Any CPU.Build.0 = Release|Any CPU
	EndGlobalSection
	GlobalSection(SolutionProperties) = preSolution
		HideSolutionNode = FALSE
	EndGlobalSection
	GlobalSection(ExtensibilityGlobals) = postSolution
		SolutionGuid = {EDB0BB52-FD0A-4092-8DE5-52622C62893B}
	EndGlobalSection
EndGlobal
